
Microsoft Visual Studio Solution File, Format Version 12.00
# Visual Studio Version 16
VisualStudioVersion = 16.0.30611.23
MinimumVisualStudioVersion = 10.0.40219.1
Project("{8BC9CEB8-8B4A-11D0-8D11-00A0C91BC942}") = "Classwork", "Classwork\Classwork.vcxproj", "{707DFE89-DFDC-4CD7-9D1C-83B1170F3855}"
EndProject
Project("{8BC9CEB8-8B4A-11D0-8D11-00A0C91BC942}") = "Sort", "..\..\Sort_deque\Sort\Sort.vcxproj", "{FABE7A8E-95C6-45BE-90CC-9079768AFF2B}"
EndProject
Global
	GlobalSection(SolutionConfigurationPlatforms) = preSolution
		Debug|x64 = Debug|x64
		Debug|x86 = Debug|x86
		Release|x64 = Release|x64
		Release|x86 = Release|x86
	EndGlobalSection
	GlobalSection(ProjectConfigurationPlatforms) = postSolution
		{707DFE89-DFDC-4CD7-9D1C-83B1170F3855}.Debug|x64.ActiveCfg = Debug|x64
		{707DFE89-DFDC-4CD7-9D1C-83B1170F3855}.Debug|x64.Build.0 = Debug|x64
		{707DFE89-DFDC-4CD7-9D1C-83B1170F3855}.Debug|x86.ActiveCfg = Debug|Win32
		{707DFE89-DFDC-4CD7-9D1C-83B1170F3855}.Debug|x86.Build.0 = Debug|Win32
		{707DFE89-DFDC-4CD7-9D1C-83B1170F3855}.Release|x64.ActiveCfg = Release|x64
		{707DFE89-DFDC-4CD7-9D1C-83B1170F3855}.Release|x64.Build.0 = Release|x64
		{707DFE89-DFDC-4CD7-9D1C-83B1170F3855}.Release|x86.ActiveCfg = Release|Win32
		{707DFE89-DFDC-4CD7-9D1C-83B1170F3855}.Release|x86.Build.0 = Release|Win32
		{FABE7A8E-95C6-45BE-90CC-9079768AFF2B}.Debug|x64.ActiveCfg = Debug|x64
		{FABE7A8E-95C6-45BE-90CC-9079768AFF2B}.Debug|x64.Build.0 = Debug|x64
		{FABE7A8E-95C6-45BE-90CC-9079768AFF2B}.Debug|x86.ActiveCfg = Debug|Win32
		{FABE7A8E-95C6-45BE-90CC-9079768AFF2B}.Debug|x86.Build.0 = Debug|Win32
		{FABE7A8E-95C6-45BE-90CC-9079768AFF2B}.Release|x64.ActiveCfg = Release|x64
		{FABE7A8E-95C6-45BE-90CC-9079768AFF2B}.Release|x64.Build.0 = Release|x64
		{FABE7A8E-95C6-45BE-90CC-9079768AFF2B}.Release|x86.ActiveCfg = Release|Win32
		{FABE7A8E-95C6-45BE-90CC-9079768AFF2B}.Release|x86.Build.0 = Release|Win32
	EndGlobalSection
	GlobalSection(SolutionProperties) = preSolution
		HideSolutionNode = FALSE
	EndGlobalSection
	GlobalSection(ExtensibilityGlobals) = postSolution
		SolutionGuid = {7F52E1C9-7DD5-4EF9-9DA9-9C731E9BEFFE}
	EndGlobalSection
EndGlobal
